
Microsoft Visual Studio Solution File, Format Version 12.00
# Visual Studio 15
VisualStudioVersion = 15.0.28307.136
MinimumVisualStudioVersion = 10.0.40219.1
Project("{F184B08F-C81C-45F6-A57F-5ABD9991F28F}") = "Sap2000Automat", "Sap2000Automat\Sap2000Automat.vbproj", "{3FA4412A-39A2-4346-A798-EA747A7FD481}"
EndProject
Global
	GlobalSection(SolutionConfigurationPlatforms) = preSolution
		Debug|Any CPU = Debug|Any CPU
		Release|Any CPU = Release|Any CPU
	EndGlobalSection
	GlobalSection(ProjectConfigurationPlatforms) = postSolution
		{3FA4412A-39A2-4346-A798-EA747A7FD481}.Debug|Any CPU.ActiveCfg = Debug|Any CPU
		{3FA4412A-39A2-4346-A798-EA747A7FD481}.Debug|Any CPU.Build.0 = Debug|Any CPU
		{3FA4412A-39A2-4346-A798-EA747A7FD481}.Release|Any CPU.ActiveCfg = Release|Any CPU
		{3FA4412A-39A2-4346-A798-EA747A7FD481}.Release|Any CPU.Build.0 = Release|Any CPU
	EndGlobalSection
	GlobalSection(SolutionProperties) = preSolution
		HideSolutionNode = FALSE
	EndGlobalSection
	GlobalSection(ExtensibilityGlobals) = postSolution
		SolutionGuid = {CE664F1F-8954-48F2-B508-E9FC06BE1CE6}
	EndGlobalSection
EndGlobal
